
Microsoft Visual Studio Solution File, Format Version 12.00
# Visual Studio Version 16
VisualStudioVersion = 16.0.29519.87
MinimumVisualStudioVersion = 10.0.40219.1
Project("{FAE04EC0-301F-11D3-BF4B-00C04F79EFBC}") = "WebApplicationECommerceWebsite", "WebApplicationECommerceWebsite\WebApplicationECommerceWebsite.csproj", "{073739B9-1F8F-44AA-9D8A-0B0D9E3F5479}"
EndProject
Global
	GlobalSection(SolutionConfigurationPlatforms) = preSolution
		Debug|Any CPU = Debug|Any CPU
		Release|Any CPU = Release|Any CPU
	EndGlobalSection
	GlobalSection(ProjectConfigurationPlatforms) = postSolution
		{073739B9-1F8F-44AA-9D8A-0B0D9E3F5479}.Debug|Any CPU.ActiveCfg = Debug|Any CPU
		{073739B9-1F8F-44AA-9D8A-0B0D9E3F5479}.Debug|Any CPU.Build.0 = Debug|Any CPU
		{073739B9-1F8F-44AA-9D8A-0B0D9E3F5479}.Release|Any CPU.ActiveCfg = Release|Any CPU
		{073739B9-1F8F-44AA-9D8A-0B0D9E3F5479}.Release|Any CPU.Build.0 = Release|Any CPU
	EndGlobalSection
	GlobalSection(SolutionProperties) = preSolution
		HideSolutionNode = FALSE
	EndGlobalSection
	GlobalSection(ExtensibilityGlobals) = postSolution
		SolutionGuid = {CD647045-8515-445F-8B08-F1FC30120B35}
	EndGlobalSection
EndGlobal
